// !$*UTF8*$!
{
	archiveVersion = 1;
	classes = {
	};
	objectVersion = 50;
	objects = {

/* Begin PBXBuildFile section */
		C8602E5C21A0133200805DAE /* DetailsViewController.swift in Sources */ = {isa = PBXBuildFile; fileRef = C8602E5B21A0133200805DAE /* DetailsViewController.swift */; };
		C8B6220B219B350900474BB3 /* AppDelegate.swift in Sources */ = {isa = PBXBuildFile; fileRef = C8B6220A219B350900474BB3 /* AppDelegate.swift */; };
		C8B6220D219B350900474BB3 /* ViewController.swift in Sources */ = {isa = PBXBuildFile; fileRef = C8B6220C219B350900474BB3 /* ViewController.swift */; };
		C8B62210219B350900474BB3 /* WorkOut.storyboard in Resources */ = {isa = PBXBuildFile; fileRef = C8B6220E219B350900474BB3 /* WorkOut.storyboard */; };
		C8B62212219B350B00474BB3 /* Assets.xcassets in Resources */ = {isa = PBXBuildFile; fileRef = C8B62211219B350B00474BB3 /* Assets.xcassets */; };
		C8B62215219B350B00474BB3 /* LaunchScreen.storyboard in Resources */ = {isa = PBXBuildFile; fileRef = C8B62213219B350B00474BB3 /* LaunchScreen.storyboard */; };
		C8FD4A88219DDF0C006807FA /* WorkOuts.plist in Resources */ = {isa = PBXBuildFile; fileRef = C8FD4A87219DDF0C006807FA /* WorkOuts.plist */; };
		C8FD4A8A219DE948006807FA /* WorkOutViewController.swift in Sources */ = {isa = PBXBuildFile; fileRef = C8FD4A89219DE948006807FA /* WorkOutViewController.swift */; };
		C8FD4A8C219DF7A7006807FA /* CustomButton.swift in Sources */ = {isa = PBXBuildFile; fileRef = C8FD4A8B219DF7A7006807FA /* CustomButton.swift */; };
/* End PBXBuildFile section */

/* Begin PBXFileReference section */
		C8602E5B21A0133200805DAE /* DetailsViewController.swift */ = {isa = PBXFileReference; lastKnownFileType = sourcecode.swift; path = DetailsViewController.swift; sourceTree = "<group>"; };
		C8B62207219B350900474BB3 /* WorkOut.app */ = {isa = PBXFileReference; explicitFileType = wrapper.application; includeInIndex = 0; path = WorkOut.app; sourceTree = BUILT_PRODUCTS_DIR; };
		C8B6220A219B350900474BB3 /* AppDelegate.swift */ = {isa = PBXFileReference; lastKnownFileType = sourcecode.swift; path = AppDelegate.swift; sourceTree = "<group>"; };
		C8B6220C219B350900474BB3 /* ViewController.swift */ = {isa = PBXFileReference; lastKnownFileType = sourcecode.swift; path = ViewController.swift; sourceTree = "<group>"; };
		C8B6220F219B350900474BB3 /* Base */ = {isa = PBXFileReference; lastKnownFileType = file.storyboard; name = Base; path = Base.lproj/WorkOut.storyboard; sourceTree = "<group>"; };
		C8B62211219B350B00474BB3 /* Assets.xcassets */ = {isa = PBXFileReference; lastKnownFileType = folder.assetcatalog; path = Assets.xcassets; sourceTree = "<group>"; };
		C8B62214219B350B00474BB3 /* Base */ = {isa = PBXFileReference; lastKnownFileType = file.storyboard; name = Base; path = Base.lproj/LaunchScreen.storyboard; sourceTree = "<group>"; };
		C8B62216219B350B00474BB3 /* Info.plist */ = {isa = PBXFileReference; lastKnownFileType = text.plist.xml; path = Info.plist; sourceTree = "<group>"; };
		C8FD4A87219DDF0C006807FA /* WorkOuts.plist */ = {isa = PBXFileReference; lastKnownFileType = text.plist.xml; path = WorkOuts.plist; sourceTree = "<group>"; };
		C8FD4A89219DE948006807FA /* WorkOutViewController.swift */ = {isa = PBXFileReference; lastKnownFileType = sourcecode.swift; path = WorkOutViewController.swift; sourceTree = "<group>"; };
		C8FD4A8B219DF7A7006807FA /* CustomButton.swift */ = {isa = PBXFileReference; lastKnownFileType = sourcecode.swift; path = CustomButton.swift; sourceTree = "<group>"; };
/* End PBXFileReference section */

/* Begin PBXFrameworksBuildPhase section */
		C8B62204219B350900474BB3 /* Frameworks */ = {
			isa = PBXFrameworksBuildPhase;
			buildActionMask = 2147483647;
			files = (
			);
			runOnlyForDeploymentPostprocessing = 0;
		};
/* End PBXFrameworksBuildPhase section */

/* Begin PBXGroup section */
		C8B621FE219B350900474BB3 = {
			isa = PBXGroup;
			children = (
				C8B62209219B350900474BB3 /* WorkOut */,
				C8B62208219B350900474BB3 /* Products */,
			);
			sourceTree = "<group>";
		};
		C8B62208219B350900474BB3 /* Products */ = {
			isa = PBXGroup;
			children = (
				C8B62207219B350900474BB3 /* WorkOut.app */,
			);
			name = Products;
			sourceTree = "<group>";
		};
		C8B62209219B350900474BB3 /* WorkOut */ = {
			isa = PBXGroup;
			children = (
				C8B6220A219B350900474BB3 /* AppDelegate.swift */,
				C8B6220C219B350900474BB3 /* ViewController.swift */,
				C8B6220E219B350900474BB3 /* WorkOut.storyboard */,
				C8B62211219B350B00474BB3 /* Assets.xcassets */,
				C8B62213219B350B00474BB3 /* LaunchScreen.storyboard */,
				C8B62216219B350B00474BB3 /* Info.plist */,
				C8FD4A87219DDF0C006807FA /* WorkOuts.plist */,
				C8FD4A89219DE948006807FA /* WorkOutViewController.swift */,
				C8FD4A8B219DF7A7006807FA /* CustomButton.swift */,
				C8602E5B21A0133200805DAE /* DetailsViewController.swift */,
			);
			path = WorkOut;
			sourceTree = "<group>";
		};
/* End PBXGroup section */

/* Begin PBXNativeTarget section */
		C8B62206219B350900474BB3 /* WorkOut */ = {
			isa = PBXNativeTarget;
			buildConfigurationList = C8B62219219B350B00474BB3 /* Build configuration list for PBXNativeTarget "WorkOut" */;
			buildPhases = (
				C8B62203219B350900474BB3 /* Sources */,
				C8B62204219B350900474BB3 /* Frameworks */,
				C8B62205219B350900474BB3 /* Resources */,
			);
			buildRules = (
			);
			dependencies = (
			);
			name = WorkOut;
			productName = WorkOut;
			productReference = C8B62207219B350900474BB3 /* WorkOut.app */;
			productType = "com.apple.product-type.application";
		};
/* End PBXNativeTarget section */

/* Begin PBXProject section */
		C8B621FF219B350900474BB3 /* Project object */ = {
			isa = PBXProject;
			attributes = {
				LastSwiftUpdateCheck = 1000;
				LastUpgradeCheck = 1000;
				ORGANIZATIONNAME = "Md Zahidul islam";
				TargetAttributes = {
					C8B62206219B350900474BB3 = {
						CreatedOnToolsVersion = 10.0;
					};
				};
			};
			buildConfigurationList = C8B62202219B350900474BB3 /* Build configuration list for PBXProject "WorkOut" */;
			compatibilityVersion = "Xcode 9.3";
			developmentRegion = en;
			hasScannedForEncodings = 0;
			knownRegions = (
				en,
				Base,
			);
			mainGroup = C8B621FE219B350900474BB3;
			productRefGroup = C8B62208219B350900474BB3 /* Products */;
			projectDirPath = "";
			projectRoot = "";
			targets = (
				C8B62206219B350900474BB3 /* WorkOut */,
			);
		};
/* End PBXProject section */

/* Begin PBXResourcesBuildPhase section */
		C8B62205219B350900474BB3 /* Resources */ = {
			isa = PBXResourcesBuildPhase;
			buildActionMask = 2147483647;
			files = (
				C8B62215219B350B00474BB3 /* LaunchScreen.storyboard in Resources */,
				C8B62212219B350B00474BB3 /* Assets.xcassets in Resources */,
				C8FD4A88219DDF0C006807FA /* WorkOuts.plist in Resources */,
				C8B62210219B350900474BB3 /* WorkOut.storyboard in Resources */,
			);
			runOnlyForDeploymentPostprocessing = 0;
		};
/* End PBXResourcesBuildPhase section */

/* Begin PBXSourcesBuildPhase section */
		C8B62203219B350900474BB3 /* Sources */ = {
			isa = PBXSourcesBuildPhase;
			buildActionMask = 2147483647;
			files = (
				C8FD4A8C219DF7A7006807FA /* CustomButton.swift in Sources */,
				C8FD4A8A219DE948006807FA /* WorkOutViewController.swift in Sources */,
				C8B6220D219B350900474BB3 /* ViewController.swift in Sources */,
				C8B6220B219B350900474BB3 /* AppDelegate.swift in Sources */,
				C8602E5C21A0133200805DAE /* DetailsViewController.swift in Sources */,
			);
			runOnlyForDeploymentPostprocessing = 0;
		};
/* End PBXSourcesBuildPhase section */

/* Begin PBXVariantGroup section */
		C8B6220E219B350900474BB3 /* WorkOut.storyboard */ = {
			isa = PBXVariantGroup;
			children = (
				C8B6220F219B350900474BB3 /* Base */,
			);
			name = WorkOut.storyboard;
			sourceTree = "<group>";
		};
		C8B62213219B350B00474BB3 /* LaunchScreen.storyboard */ = {
			isa = PBXVariantGroup;
			children = (
				C8B62214219B350B00474BB3 /* Base */,
			);
			name = LaunchScreen.storyboard;
			sourceTree = "<group>";
		};
/* End PBXVariantGroup section */

/* Begin XCBuildConfiguration section */
		C8B62217219B350B00474BB3 /* Debug */ = {
			isa = XCBuildConfiguration;
			buildSettings = {
				ALWAYS_SEARCH_USER_PATHS = NO;
				CLANG_ANALYZER_NONNULL = YES;
				CLANG_ANALYZER_NUMBER_OBJECT_CONVERSION = YES_AGGRESSIVE;
				CLANG_CXX_LANGUAGE_STANDARD = "gnu++14";
				CLANG_CXX_LIBRARY = "libc++";
				CLANG_ENABLE_MODULES = YES;
				CLANG_ENABLE_OBJC_ARC = YES;
				CLANG_ENABLE_OBJC_WEAK = YES;
				CLANG_WARN_BLOCK_CAPTURE_AUTORELEASING = YES;
				CLANG_WARN_BOOL_CONVERSION = YES;
				CLANG_WARN_COMMA = YES;
				CLANG_WARN_CONSTANT_CONVERSION = YES;
				CLANG_WARN_DEPRECATED_OBJC_IMPLEMENTATIONS = YES;
				CLANG_WARN_DIRECT_OBJC_ISA_USAGE = YES_ERROR;
				CLANG_WARN_DOCUMENTATION_COMMENTS = YES;
				CLANG_WARN_EMPTY_BODY = YES;
				CLANG_WARN_ENUM_CONVERSION = YES;
				CLANG_WARN_INFINITE_RECURSION = YES;
				CLANG_WARN_INT_CONVERSION = YES;
				CLANG_WARN_NON_LITERAL_NULL_CONVERSION = YES;
				CLANG_WARN_OBJC_IMPLICIT_RETAIN_SELF = YES;
				CLANG_WARN_OBJC_LITERAL_CONVERSION = YES;
				CLANG_WARN_OBJC_ROOT_CLASS = YES_ERROR;
				CLANG_WARN_RANGE_LOOP_ANALYSIS = YES;
				CLANG_WARN_STRICT_PROTOTYPES = YES;
				CLANG_WARN_SUSPICIOUS_MOVE = YES;
				CLANG_WARN_UNGUARDED_AVAILABILITY = YES_AGGRESSIVE;
				CLANG_WARN_UNREACHABLE_CODE = YES;
				CLANG_WARN__DUPLICATE_METHOD_MATCH = YES;
				CODE_SIGN_IDENTITY = "iPhone Developer";
				COPY_PHASE_STRIP = NO;
				DEBUG_INFORMATION_FORMAT = dwarf;
				ENABLE_STRICT_OBJC_MSGSEND = YES;
				ENABLE_TESTABILITY = YES;
				GCC_C_LANGUAGE_STANDARD = gnu11;
				GCC_DYNAMIC_NO_PIC = NO;
				GCC_NO_COMMON_BLOCKS = YES;
				GCC_OPTIMIZATION_LEVEL = 0;
				GCC_PREPROCESSOR_DEFINITIONS = (
					"DEBUG=1",
					"$(inherited)",
				);
				GCC_WARN_64_TO_32_BIT_CONVERSION = YES;
				GCC_WARN_ABOUT_RETURN_TYPE = YES_ERROR;
				GCC_WARN_UNDECLARED_SELECTOR = YES;
				GCC_WARN_UNINITIALIZED_AUTOS = YES_AGGRESSIVE;
				GCC_WARN_UNUSED_FUNCTION = YES;
				GCC_WARN_UNUSED_VARIABLE = YES;
				IPHONEOS_DEPLOYMENT_TARGET = 12.0;
				MTL_ENABLE_DEBUG_INFO = INCLUDE_SOURCE;
				MTL_FAST_MATH = YES;
				ONLY_ACTIVE_ARCH = YES;
				SDKROOT = iphoneos;
				SWIFT_ACTIVE_COMPILATION_CONDITIONS = DEBUG;
				SWIFT_OPTIMIZATION_LEVEL = "-Onone";
			};
			name = Debug;
		};
		C8B62218219B350B00474BB3 /* Release */ = {
			isa = XCBuildConfiguration;
			buildSettings = {
				ALWAYS_SEARCH_USER_PATHS = NO;
				CLANG_ANALYZER_NONNULL = YES;
				CLANG_ANALYZER_NUMBER_OBJECT_CONVERSION = YES_AGGRESSIVE;
				CLANG_CXX_LANGUAGE_STANDARD = "gnu++14";
				CLANG_CXX_LIBRARY = "libc++";
				CLANG_ENABLE_MODULES = YES;
				CLANG_ENABLE_OBJC_ARC = YES;
				CLANG_ENABLE_OBJC_WEAK = YES;
				CLANG_WARN_BLOCK_CAPTURE_AUTORELEASING = YES;
				CLANG_WARN_BOOL_CONVERSION = YES;
				CLANG_WARN_COMMA = YES;
				CLANG_WARN_CONSTANT_CONVERSION = YES;
				CLANG_WARN_DEPRECATED_OBJC_IMPLEMENTATIONS = YES;
				CLANG_WARN_DIRECT_OBJC_ISA_USAGE = YES_ERROR;
				CLANG_WARN_DOCUMENTATION_COMMENTS = YES;
				CLANG_WARN_EMPTY_BODY = YES;
				CLANG_WARN_ENUM_CONVERSION = YES;
				CLANG_WARN_INFINITE_RECURSION = YES;
				CLANG_WARN_INT_CONVERSION = YES;
				CLANG_WARN_NON_LITERAL_NULL_CONVERSION = YES;
				CLANG_WARN_OBJC_IMPLICIT_RETAIN_SELF = YES;
				CLANG_WARN_OBJC_LITERAL_CONVERSION = YES;
				CLANG_WARN_OBJC_ROOT_CLASS = YES_ERROR;
				CLANG_WARN_RANGE_LOOP_ANALYSIS = YES;
				CLANG_WARN_STRICT_PROTOTYPES = YES;
				CLANG_WARN_SUSPICIOUS_MOVE = YES;
				CLANG_WARN_UNGUARDED_AVAILABILITY = YES_AGGRESSIVE;
				CLANG_WARN_UNREACHABLE_CODE = YES;
				CLANG_WARN__DUPLICATE_METHOD_MATCH = YES;
				CODE_SIGN_IDENTITY = "iPhone Developer";
				COPY_PHASE_STRIP = NO;
				DEBUG_INFORMATION_FORMAT = "dwarf-with-dsym";
				ENABLE_NS_ASSERTIONS = NO;
				ENABLE_STRICT_OBJC_MSGSEND = YES;
				GCC_C_LANGUAGE_STANDARD = gnu11;
				GCC_NO_COMMON_BLOCKS = YES;
				GCC_WARN_64_TO_32_BIT_CONVERSION = YES;
				GCC_WARN_ABOUT_RETURN_TYPE = YES_ERROR;
				GCC_WARN_UNDECLARED_SELECTOR = YES;
				GCC_WARN_UNINITIALIZED_AUTOS = YES_AGGRESSIVE;
				GCC_WARN_UNUSED_FUNCTION = YES;
				GCC_WARN_UNUSED_VARIABLE = YES;
				IPHONEOS_DEPLOYMENT_TARGET = 12.0;
				MTL_ENABLE_DEBUG_INFO = NO;
				MTL_FAST_MATH = YES;
				SDKROOT = iphoneos;
				SWIFT_COMPILATION_MODE = wholemodule;
				SWIFT_OPTIMIZATION_LEVEL = "-O";
				VALIDATE_PRODUCT = YES;
			};
			name = Release;
		};
		C8B6221A219B350B00474BB3 /* Debug */ = {
			isa = XCBuildConfiguration;
			buildSettings = {
				ASSETCATALOG_COMPILER_APPICON_NAME = AppIcon;
				CODE_SIGN_STYLE = Automatic;
				DEVELOPMENT_TEAM = 94Z6QS6A4W;
				INFOPLIST_FILE = WorkOut/Info.plist;
				LD_RUNPATH_SEARCH_PATHS = (
					"$(inherited)",
					"@executable_path/Frameworks",
				);
				PRODUCT_BUNDLE_IDENTIFIER = com.zaddubd.WorkOut;
				PRODUCT_NAME = "$(TARGET_NAME)";
				SWIFT_VERSION = 4.2;
				TARGETED_DEVICE_FAMILY = "1,2";
			};
			name = Debug;
		};
		C8B6221B219B350B00474BB3 /* Release */ = {
			isa = XCBuildConfiguration;
			buildSettings = {
				ASSETCATALOG_COMPILER_APPICON_NAME = AppIcon;
				CODE_SIGN_STYLE = Automatic;
				DEVELOPMENT_TEAM = 94Z6QS6A4W;
				INFOPLIST_FILE = WorkOut/Info.plist;
				LD_RUNPATH_SEARCH_PATHS = (
					"$(inherited)",
					"@executable_path/Frameworks",
				);
				PRODUCT_BUNDLE_IDENTIFIER = com.zaddubd.WorkOut;
				PRODUCT_NAME = "$(TARGET_NAME)";
				SWIFT_VERSION = 4.2;
				TARGETED_DEVICE_FAMILY = "1,2";
			};
			name = Release;
		};
/* End XCBuildConfiguration section */

/* Begin XCConfigurationList section */
		C8B62202219B350900474BB3 /* Build configuration list for PBXProject "WorkOut" */ = {
			isa = XCConfigurationList;
			buildConfigurations = (
				C8B62217219B350B00474BB3 /* Debug */,
				C8B62218219B350B00474BB3 /* Release */,
			);
			defaultConfigurationIsVisible = 0;
			defaultConfigurationName = Release;
		};
		C8B62219219B350B00474BB3 /* Build configuration list for PBXNativeTarget "WorkOut" */ = {
			isa = XCConfigurationList;
			buildConfigurations = (
				C8B6221A219B350B00474BB3 /* Debug */,
				C8B6221B219B350B00474BB3 /* Release */,
			);
			defaultConfigurationIsVisible = 0;
			defaultConfigurationName = Release;
		};
/* End XCConfigurationList section */
	};
	rootObject = C8B621FF219B350900474BB3 /* Project object */;
}
